PODS:
  - app_links (6.4.1):
    - Flutter
  - audio_session (0.0.1):
    - Flutter
  - connectivity_plus (0.0.1):
    - Flutter
  - CryptoSwift (1.10.0)
  - device_info_plus (0.0.1):
    - Flutter
  - file_picker_darwin (1.0.0):
    - Flutter
    - FlutterMacOS
  - Firebase/CoreOnly (12.19.0):
    - FirebaseCore (~> 12.19.0)
  - Firebase/Messaging (12.19.0):
    - Firebase/CoreOnly
    - FirebaseMessaging (~> 12.19.0)
  - firebase_core (4.15.0):
    - Firebase/CoreOnly (= 12.19.0)
    - Flutter
  - firebase_messaging (16.7.0):
    - Firebase/Messaging (= 12.19.0)
    - firebase_core
    - Flutter
  - FirebaseCore (12.19.0):
    - FirebaseCoreInternal (~> 12.19.0)
    - GoogleUtilities/Environment (~> 8.1)
    - GoogleUtilities/Logger (~> 8.1)
  - FirebaseCoreInternal (12.19.0):
    - "GoogleUtilities/NSData+zlib (~> 8.1)"
  - FirebaseInstallations (12.19.0):
    - FirebaseCore (~> 12.19.0)
    - GoogleUtilities/Environment (~> 8.1)
    - GoogleUtilities/UserDefaults (~> 8.1)
    - PromisesObjC (~> 2.4)
  - FirebaseMessaging (12.19.0):
    - FirebaseCore (~> 12.19.0)
    - FirebaseInstallations (~> 12.19.0)
    - GoogleDataTransport (~> 10.1)
    - GoogleUtilities/AppDelegateSwizzler (~> 8.1)
    - GoogleUtilities/Environment (~> 8.1)
    - GoogleUtilities/Reachability (~> 8.1)
    - GoogleUtilities/UserDefaults (~> 8.1)
    - nanopb (~> 3.30910.0)
  - Flutter (1.0.0)
  - flutter_callkit_incoming (3.1.6):
    - CryptoSwift
    - Flutter
  - flutter_contacts (0.0.1):
    - Flutter
  - flutter_image_compress_common (1.0.0):
    - Flutter
    - SDWebImage
    - SDWebImageWebPCoder
  - flutter_inappwebview_ios (0.0.1):
    - Flutter
    - flutter_inappwebview_ios/Core (= 0.0.1)
    - OrderedSet (~> 6.0.3)
  - flutter_inappwebview_ios/Core (0.0.1):
    - Flutter
    - OrderedSet (~> 6.0.3)
  - flutter_secure_storage_darwin (10.0.0):
    - Flutter
    - FlutterMacOS
  - geolocator_apple (1.2.0):
    - Flutter
    - FlutterMacOS
  - gma_mediation_unity (1.11.0):
    - Flutter
    - GoogleMobileAdsMediationUnity (~> 4.20.0.0)
  - Google-Mobile-Ads-SDK (13.9.0):
    - GoogleUserMessagingPlatform (>= 1.1)
  - google_mobile_ads (9.1.0):
    - Flutter
    - Google-Mobile-Ads-SDK (~> 13.7)
    - webview_flutter_wkwebview
  - GoogleDataTransport (10.1.1):
    - nanopb (~> 3.30910.0)
    - PromisesObjC (~> 2.4)
  - GoogleMobileAdsMediationUnity (4.20.0.0):
    - Google-Mobile-Ads-SDK (~> 13.3)
    - UnityAds (= 4.20.0)
  - GoogleUserMessagingPlatform (3.1.0)
  - GoogleUtilities/AppDelegateSwizzler (8.1.3):
    - GoogleUtilities/Environment
    - GoogleUtilities/Logger
    - GoogleUtilities/Network
    - GoogleUtilities/Privacy
  - GoogleUtilities/Environment (8.1.3):
    - GoogleUtilities/Privacy
  - GoogleUtilities/Logger (8.1.3):
    - GoogleUtilities/Environment
    - GoogleUtilities/Privacy
  - GoogleUtilities/Network (8.1.3):
    - GoogleUtilities/Logger
    - "GoogleUtilities/NSData+zlib"
    - GoogleUtilities/Privacy
    - GoogleUtilities/Reachability
  - "GoogleUtilities/NSData+zlib (8.1.3)":
    - GoogleUtilities/Privacy
  - GoogleUtilities/Privacy (8.1.3)
  - GoogleUtilities/Reachability (8.1.3):
    - GoogleUtilities/Logger
    - GoogleUtilities/Privacy
  - GoogleUtilities/UserDefaults (8.1.3):
    - GoogleUtilities/Logger
    - GoogleUtilities/Privacy
  - image_cropper (0.0.5):
    - Flutter
    - TOCropViewController (~> 3.1.2)
  - image_picker_ios (0.0.1):
    - Flutter
  - in_app_purchase_storekit (0.0.1):
    - Flutter
    - FlutterMacOS
  - IronSourceAdQualitySDK (9.10.0)
  - just_audio (0.0.1):
    - Flutter
    - FlutterMacOS
  - libwebp (1.6.0):
    - libwebp/demux (= 1.6.0)
    - libwebp/mux (= 1.6.0)
    - libwebp/sharpyuv (= 1.6.0)
    - libwebp/webp (= 1.6.0)
  - libwebp/demux (1.6.0):
    - libwebp/webp
  - libwebp/mux (1.6.0):
    - libwebp/demux
  - libwebp/sharpyuv (1.6.0)
  - libwebp/webp (1.6.0):
    - libwebp/sharpyuv
  - local_auth_darwin (0.0.1):
    - Flutter
    - FlutterMacOS
  - mobile_scanner (7.0.0):
    - Flutter
    - FlutterMacOS
  - nanopb (3.30910.0):
    - nanopb/decode (= 3.30910.0)
    - nanopb/encode (= 3.30910.0)
  - nanopb/decode (3.30910.0)
  - nanopb/encode (3.30910.0)
  - OrderedSet (6.0.3)
  - package_info_plus (0.4.5):
    - Flutter
  - permission_handler_apple (9.4.8):
    - Flutter
  - PromisesObjC (2.4.1)
  - record_ios (2.0.0):
    - Flutter
  - SDWebImage (5.21.7):
    - SDWebImage/Core (= 5.21.7)
  - SDWebImage/Core (5.21.7)
  - SDWebImageWebPCoder (0.15.0):
    - libwebp (~> 1.0)
    - SDWebImage/Core (~> 5.17)
  - share_plus (0.0.1):
    - Flutter
  - shared_preferences_foundation (0.0.1):
    - Flutter
    - FlutterMacOS
  - sqflite_darwin (0.0.4):
    - Flutter
    - FlutterMacOS
  - TOCropViewController (3.1.2)
  - UnityAds (4.20.0):
    - IronSourceAdQualitySDK (< 10.0.0)
    - UnityCoherenceLib (= 0.1.0)
  - UnityCoherenceLib (0.1.0)
  - url_launcher_ios (0.0.1):
    - Flutter
  - video_player_avfoundation (0.0.1):
    - Flutter
    - FlutterMacOS
  - webview_flutter_wkwebview (0.0.1):
    - Flutter
    - FlutterMacOS
  - zego_express_engine (3.25.0):
    - Flutter

DEPENDENCIES:
  - app_links (from `.symlinks/plugins/app_links/ios`)
  - audio_session (from `.symlinks/plugins/audio_session/ios`)
  - connectivity_plus (from `.symlinks/plugins/connectivity_plus/ios`)
  - device_info_plus (from `.symlinks/plugins/device_info_plus/ios`)
  - file_picker_darwin (from `.symlinks/plugins/file_picker_darwin/darwin`)
  - firebase_core (from `.symlinks/plugins/firebase_core/ios`)
  - firebase_messaging (from `.symlinks/plugins/firebase_messaging/ios`)
  - Flutter (from `Flutter`)
  - flutter_callkit_incoming (from `.symlinks/plugins/flutter_callkit_incoming/ios`)
  - flutter_contacts (from `.symlinks/plugins/flutter_contacts/ios`)
  - flutter_image_compress_common (from `.symlinks/plugins/flutter_image_compress_common/ios`)
  - flutter_inappwebview_ios (from `.symlinks/plugins/flutter_inappwebview_ios/ios`)
  - flutter_secure_storage_darwin (from `.symlinks/plugins/flutter_secure_storage_darwin/darwin`)
  - geolocator_apple (from `.symlinks/plugins/geolocator_apple/darwin`)
  - gma_mediation_unity (from `.symlinks/plugins/gma_mediation_unity/ios`)
  - google_mobile_ads (from `.symlinks/plugins/google_mobile_ads/ios`)
  - image_cropper (from `.symlinks/plugins/image_cropper/ios`)
  - image_picker_ios (from `.symlinks/plugins/image_picker_ios/ios`)
  - in_app_purchase_storekit (from `.symlinks/plugins/in_app_purchase_storekit/darwin`)
  - just_audio (from `.symlinks/plugins/just_audio/darwin`)
  - local_auth_darwin (from `.symlinks/plugins/local_auth_darwin/darwin`)
  - mobile_scanner (from `.symlinks/plugins/mobile_scanner/darwin`)
  - package_info_plus (from `.symlinks/plugins/package_info_plus/ios`)
  - permission_handler_apple (from `.symlinks/plugins/permission_handler_apple/ios`)
  - record_ios (from `.symlinks/plugins/record_ios/ios`)
  - share_plus (from `.symlinks/plugins/share_plus/ios`)
  - shared_preferences_foundation (from `.symlinks/plugins/shared_preferences_foundation/darwin`)
  - sqflite_darwin (from `.symlinks/plugins/sqflite_darwin/darwin`)
  - url_launcher_ios (from `.symlinks/plugins/url_launcher_ios/ios`)
  - video_player_avfoundation (from `.symlinks/plugins/video_player_avfoundation/darwin`)
  - webview_flutter_wkwebview (from `.symlinks/plugins/webview_flutter_wkwebview/darwin`)
  - zego_express_engine (from `.symlinks/plugins/zego_express_engine/ios`)

SPEC REPOS:
  trunk:
    - CryptoSwift
    - Firebase
    - FirebaseCore
    - FirebaseCoreInternal
    - FirebaseInstallations
    - FirebaseMessaging
    - Google-Mobile-Ads-SDK
    - GoogleDataTransport
    - GoogleMobileAdsMediationUnity
    - GoogleUserMessagingPlatform
    - GoogleUtilities
    - IronSourceAdQualitySDK
    - libwebp
    - nanopb
    - OrderedSet
    - PromisesObjC
    - SDWebImage
    - SDWebImageWebPCoder
    - TOCropViewController
    - UnityAds
    - UnityCoherenceLib

EXTERNAL SOURCES:
  app_links:
    :path: ".symlinks/plugins/app_links/ios"
  audio_session:
    :path: ".symlinks/plugins/audio_session/ios"
  connectivity_plus:
    :path: ".symlinks/plugins/connectivity_plus/ios"
  device_info_plus:
    :path: ".symlinks/plugins/device_info_plus/ios"
  file_picker_darwin:
    :path: ".symlinks/plugins/file_picker_darwin/darwin"
  firebase_core:
    :path: ".symlinks/plugins/firebase_core/ios"
  firebase_messaging:
    :path: ".symlinks/plugins/firebase_messaging/ios"
  Flutter:
    :path: Flutter
  flutter_callkit_incoming:
    :path: ".symlinks/plugins/flutter_callkit_incoming/ios"
  flutter_contacts:
    :path: ".symlinks/plugins/flutter_contacts/ios"
  flutter_image_compress_common:
    :path: ".symlinks/plugins/flutter_image_compress_common/ios"
  flutter_inappwebview_ios:
    :path: ".symlinks/plugins/flutter_inappwebview_ios/ios"
  flutter_secure_storage_darwin:
    :path: ".symlinks/plugins/flutter_secure_storage_darwin/darwin"
  geolocator_apple:
    :path: ".symlinks/plugins/geolocator_apple/darwin"
  gma_mediation_unity:
    :path: ".symlinks/plugins/gma_mediation_unity/ios"
  google_mobile_ads:
    :path: ".symlinks/plugins/google_mobile_ads/ios"
  image_cropper:
    :path: ".symlinks/plugins/image_cropper/ios"
  image_picker_ios:
    :path: ".symlinks/plugins/image_picker_ios/ios"
  in_app_purchase_storekit:
    :path: ".symlinks/plugins/in_app_purchase_storekit/darwin"
  just_audio:
    :path: ".symlinks/plugins/just_audio/darwin"
  local_auth_darwin:
    :path: ".symlinks/plugins/local_auth_darwin/darwin"
  mobile_scanner:
    :path: ".symlinks/plugins/mobile_scanner/darwin"
  package_info_plus:
    :path: ".symlinks/plugins/package_info_plus/ios"
  permission_handler_apple:
    :path: ".symlinks/plugins/permission_handler_apple/ios"
  record_ios:
    :path: ".symlinks/plugins/record_ios/ios"
  share_plus:
    :path: ".symlinks/plugins/share_plus/ios"
  shared_preferences_foundation:
    :path: ".symlinks/plugins/shared_preferences_foundation/darwin"
  sqflite_darwin:
    :path: ".symlinks/plugins/sqflite_darwin/darwin"
  url_launcher_ios:
    :path: ".symlinks/plugins/url_launcher_ios/ios"
  video_player_avfoundation:
    :path: ".symlinks/plugins/video_player_avfoundation/darwin"
  webview_flutter_wkwebview:
    :path: ".symlinks/plugins/webview_flutter_wkwebview/darwin"
  zego_express_engine:
    :path: ".symlinks/plugins/zego_express_engine/ios"

SPEC CHECKSUMS:
  app_links: 3dbc685f76b1693c66a6d9dd1e9ab6f73d97dc0a
  audio_session: 9bb7f6c970f21241b19f5a3658097ae459681ba0
  connectivity_plus: cb623214f4e1f6ef8fe7403d580fdad517d2f7dd
  CryptoSwift: e2e7776512f250e66205955da748e7a4e4abffe0
  device_info_plus: 21fcca2080fbcd348be798aa36c3e5ed849eefbe
  file_picker_darwin: 4c2b9a50ea44cb3b071381ea0cf48591bdd80251
  Firebase: 7ca191e43724142f79fae653547b3382c45413cc
  firebase_core: 55de508663ceda7d1dc369a32b327a5655019ae2
  firebase_messaging: df68cb5feefa02766144a50fa5348362a0127008
  FirebaseCore: c990214798d7c568ad436a15ba7da25c7a278c9a
  FirebaseCoreInternal: 656b1c2fd5a1c5976183dc54b73deda78fb26ee3
  FirebaseInstallations: f70a49eed611f5602f373e40974b3b01556ac217
  FirebaseMessaging: c15f48126adbe8b4d3238a5e1fa24bab3ad3e472
  Flutter: 71a624a5bc0c04062bf19101d501e466baf2fb47
  flutter_callkit_incoming: b2eaad1ac106ac4c78b4b9827f7e181767438dea
  flutter_contacts: 2ec1d6b62ca2869c3bbb3871bd74d4e3ef157135
  flutter_image_compress_common: 11d5dcfb36f4ded92320bfa896261813a073240e
  flutter_inappwebview_ios: b89ba3482b96fb25e00c967aae065701b66e9b99
  flutter_secure_storage_darwin: 46e401699982ee74142909676535e0f6a7321e58
  geolocator_apple: ab36aa0e8b7d7a2d7639b3b4e48308394e8cef5e
  gma_mediation_unity: 6689302afde8e716ee923945506a2d5388a46dae
  Google-Mobile-Ads-SDK: cec761d0da669c462bcc19cd16c747498b9f39f7
  google_mobile_ads: 6b1c16497394528f4a59e76e2fc947cb32b101e2
  GoogleDataTransport: a24e58982ab3ba2f64d79613e027fe7f57e88539
  GoogleMobileAdsMediationUnity: 9717cf23332a8d1a4e137b479edbfd4528e1fc3c
  GoogleUserMessagingPlatform: befe603da6501006420c206222acd449bba45a9c
  GoogleUtilities: 4e0c2ad9fa0d0d18b5c4df8bf57b461cba35b0bb
  image_cropper: fca51f94982730acae168c4b5d691e0f11aeb259
  image_picker_ios: e0ece4aa2a75771a7de3fa735d26d90817041326
  in_app_purchase_storekit: 22cca7d08eebca9babdf4d07d0baccb73325d3c8
  IronSourceAdQualitySDK: 779fc3754f27b3d5fae8da52c5709a2dbdb502a6
  just_audio: 4e391f57b79cad2b0674030a00453ca5ce817eed
  libwebp: af5937a13536ef73f3784d69cc342b98961acf33
  local_auth_darwin: c3ee6cce0a8d56be34c8ccb66ba31f7f180aaebb
  mobile_scanner: 9157936403f5a0644ca3779a38ff8404c5434a93
  nanopb: fad817b59e0457d11a5dfbde799381cd727c1275
  OrderedSet: e539b66b644ff081c73a262d24ad552a69be3a94
  package_info_plus: af8e2ca6888548050f16fa2f1938db7b5a5df499
  permission_handler_apple: 92d754bbaa7361d436db2d6c3c1c2a0fdcec462e
  PromisesObjC: 752c3227f599e3467650e47ea36f433eeb10c273
  record_ios: 390a30c7caaf8b5d0fb1cb1d2fd5064b48b4520c
  SDWebImage: e9fc87c1aab89a8ab1bbd74eba378c6f53be8abf
  SDWebImageWebPCoder: 0e06e365080397465cc73a7a9b472d8a3bd0f377
  share_plus: 50da8cb520a8f0f65671c6c6a99b3617ed10a58a
  shared_preferences_foundation: 7036424c3d8ec98dfe75ff1667cb0cd531ec82bb
  sqflite_darwin: 20b2a3a3b70e43edae938624ce550a3cbf66a3d0
  TOCropViewController: a916930c465b5d9445a74d95e0c0da931771b4df
  UnityAds: aac7752619961224969a1bfea8b5077d2b93005f
  UnityCoherenceLib: d9be08c5b9c2880cb220c7ecd643f97ebda422b7
  url_launcher_ios: 7a95fa5b60cc718a708b8f2966718e93db0cef1b
  video_player_avfoundation: 3453f792138786248960ca029747fcd9f318ef52
  webview_flutter_wkwebview: 8ebf4fded22593026f7dbff1fbff31ea98573c8d
  zego_express_engine: d9138a65a37632c86b6aa8a5fd83ce6ca3c3a649

PODFILE CHECKSUM: 1871676b16ca34bb5471c6674def2412b09e0362

COCOAPODS: 1.17.0
